
Microsoft Visual Studio Solution File, Format Version 12.00
# Visual Studio 15
VisualStudioVersion = 15.0.27703.2000
MinimumVisualStudioVersion = 10.0.40219.1
Project("{FAE04EC0-301F-11D3-BF4B-00C04F79EFBC}") = "DelegateAndEvent", "DelegateAndEvent\DelegateAndEvent.csproj", "{9DE3EA2D-8D17-4D6F-8541-741A14CFB6E5}"
EndProject
Global
	GlobalSection(SolutionConfigurationPlatforms) = preSolution
		Debug|Any CPU = Debug|Any CPU
		Release|Any CPU = Release|Any CPU
	EndGlobalSection
	GlobalSection(ProjectConfigurationPlatforms) = postSolution
		{9DE3EA2D-8D17-4D6F-8541-741A14CFB6E5}.Debug|Any CPU.ActiveCfg = Debug|Any CPU
		{9DE3EA2D-8D17-4D6F-8541-741A14CFB6E5}.Debug|Any CPU.Build.0 = Debug|Any CPU
		{9DE3EA2D-8D17-4D6F-8541-741A14CFB6E5}.Release|Any CPU.ActiveCfg = Release|Any CPU
		{9DE3EA2D-8D17-4D6F-8541-741A14CFB6E5}.Release|Any CPU.Build.0 = Release|Any CPU
	EndGlobalSection
	GlobalSection(SolutionProperties) = preSolution
		HideSolutionNode = FALSE
	EndGlobalSection
	GlobalSection(ExtensibilityGlobals) = postSolution
		SolutionGuid = {76EC6D02-F9DA-4924-AF00-BC79CEDF92BD}
	EndGlobalSection
EndGlobal
